PODS:
  - YUCIHighPassSkinSmoothing (1.0)

DEPENDENCIES:
  - YUCIHighPassSkinSmoothing (from `../`)

EXTERNAL SOURCES:
  YUCIHighPassSkinSmoothing:
    :path: "../"

SPEC CHECKSUMS:
  YUCIHighPassSkinSmoothing: 3cac1105261e034bbb9364c4ac52e7ad80237282

PODFILE CHECKSUM: f3eebbea19aa106cb9b554b77c1a6be52842005b

COCOAPODS: 1.0.0.beta.2
