PODS:
  - Vivid (0.5)
  - YUCIHighPassSkinSmoothing (1.3):
    - Vivid

DEPENDENCIES:
  - YUCIHighPassSkinSmoothing (from `../`)

EXTERNAL SOURCES:
  YUCIHighPassSkinSmoothing:
    :path: "../"

SPEC CHECKSUMS:
  Vivid: cb41984e2004b020b2b3157e2e36c19e365062f1
  YUCIHighPassSkinSmoothing: a160487b7a29bcb4e0b05657fe1a05b3911b69d8

PODFILE CHECKSUM: f3eebbea19aa106cb9b554b77c1a6be52842005b

COCOAPODS: 1.0.0.beta.3
