PODS:
  - YUCIHighPassSkinSmoothing (1.0)

DEPENDENCIES:
  - YUCIHighPassSkinSmoothing (from `../`)

EXTERNAL SOURCES:
  YUCIHighPassSkinSmoothing:
    :path: "../"

SPEC CHECKSUMS:
  YUCIHighPassSkinSmoothing: a39834871faa31a8b7e1aa897b2492010ca4f268

PODFILE CHECKSUM: f3eebbea19aa106cb9b554b77c1a6be52842005b

COCOAPODS: 1.0.0.beta.2
